Microsoft Visual Studio Solution File, Format Version 12.00
# Visual Studio 2012
Project("{FAE04EC0-301F-11D3-BF4B-00C04F79EFBC}") = "GodotHathorPlugin", "GodotHathorPlugin.csproj", "{A59671A4-0C05-4A7B-AF67-96D3A2477A6E}"
EndProject
Global
	GlobalSection(SolutionConfigurationPlatforms) = preSolution
	Debug|Any CPU = Debug|Any CPU
	ExportDebug|Any CPU = ExportDebug|Any CPU
	ExportRelease|Any CPU = ExportRelease|Any CPU
	EndGlobalSection
	GlobalSection(ProjectConfigurationPlatforms) = postSolution
		{A59671A4-0C05-4A7B-AF67-96D3A2477A6E}.Debug|Any CPU.ActiveCfg = Debug|Any CPU
		{A59671A4-0C05-4A7B-AF67-96D3A2477A6E}.Debug|Any CPU.Build.0 = Debug|Any CPU
		{A59671A4-0C05-4A7B-AF67-96D3A2477A6E}.ExportDebug|Any CPU.ActiveCfg = ExportDebug|Any CPU
		{A59671A4-0C05-4A7B-AF67-96D3A2477A6E}.ExportDebug|Any CPU.Build.0 = ExportDebug|Any CPU
		{A59671A4-0C05-4A7B-AF67-96D3A2477A6E}.ExportRelease|Any CPU.ActiveCfg = ExportRelease|Any CPU
		{A59671A4-0C05-4A7B-AF67-96D3A2477A6E}.ExportRelease|Any CPU.Build.0 = ExportRelease|Any CPU
	EndGlobalSection
EndGlobal
